
Microsoft Visual Studio Solution File, Format Version 12.00
# Visual Studio Version 16
VisualStudioVersion = 16.0.31112.23
MinimumVisualStudioVersion = 10.0.40219.1
Project("{9A19103F-16F7-4668-BE54-9A1E7A4F7556}") = "OPP", "OPP\OPP.csproj", "{2169F49E-0398-4810-8A79-BCBC9833086B}"
EndProject
Project("{2150E333-8FDC-42A3-9474-1A3956D46DE8}") = "01 - OOP", "01 - OOP", "{6B0EC47B-8EE1-45B0-965D-E741A7F0A6FF}"
EndProject
Project("{2150E333-8FDC-42A3-9474-1A3956D46DE8}") = "02 - SOLID", "02 - SOLID", "{6E64A6F3-BB8A-4BA6-A6D6-379CC335ACD1}"
EndProject
Project("{9A19103F-16F7-4668-BE54-9A1E7A4F7556}") = "SOLID", "SOLID\SOLID.csproj", "{1CCE5B0C-1564-4A0E-AEC0-38E6E29F8575}"
EndProject
Project("{9A19103F-16F7-4668-BE54-9A1E7A4F7556}") = "DI", "DI\DI.csproj", "{D41CAED1-BB1F-49FF-AE38-92456D14F4C4}"
EndProject
Project("{2150E333-8FDC-42A3-9474-1A3956D46DE8}") = "03 - DI", "03 - DI", "{E63AC01C-880B-49D1-9603-B0668D1BF89B}"
EndProject
Project("{9A19103F-16F7-4668-BE54-9A1E7A4F7556}") = "DI.API", "DI.API\DI.API.csproj", "{3E9FB459-3C40-425F-A1D1-25B07A37DBEE}"
EndProject
Project("{FAE04EC0-301F-11D3-BF4B-00C04F79EFBC}") = "PATTERNS", "PATTERNS\PATTERNS.csproj", "{D1D123D7-DC18-4070-949F-B021DB2062B1}"
EndProject
Project("{2150E333-8FDC-42A3-9474-1A3956D46DE8}") = "04 - PATTERNS", "04 - PATTERNS", "{A03E4CF5-CC87-4D24-A72F-28781282E955}"
EndProject
Global
	GlobalSection(SolutionConfigurationPlatforms) = preSolution
		Debug|Any CPU = Debug|Any CPU
		Release|Any CPU = Release|Any CPU
	EndGlobalSection
	GlobalSection(ProjectConfigurationPlatforms) = postSolution
		{2169F49E-0398-4810-8A79-BCBC9833086B}.Debug|Any CPU.ActiveCfg = Debug|Any CPU
		{2169F49E-0398-4810-8A79-BCBC9833086B}.Debug|Any CPU.Build.0 = Debug|Any CPU
		{2169F49E-0398-4810-8A79-BCBC9833086B}.Release|Any CPU.ActiveCfg = Release|Any CPU
		{2169F49E-0398-4810-8A79-BCBC9833086B}.Release|Any CPU.Build.0 = Release|Any CPU
		{1CCE5B0C-1564-4A0E-AEC0-38E6E29F8575}.Debug|Any CPU.ActiveCfg = Debug|Any CPU
		{1CCE5B0C-1564-4A0E-AEC0-38E6E29F8575}.Debug|Any CPU.Build.0 = Debug|Any CPU
		{1CCE5B0C-1564-4A0E-AEC0-38E6E29F8575}.Release|Any CPU.ActiveCfg = Release|Any CPU
		{1CCE5B0C-1564-4A0E-AEC0-38E6E29F8575}.Release|Any CPU.Build.0 = Release|Any CPU
		{D41CAED1-BB1F-49FF-AE38-92456D14F4C4}.Debug|Any CPU.ActiveCfg = Debug|Any CPU
		{D41CAED1-BB1F-49FF-AE38-92456D14F4C4}.Debug|Any CPU.Build.0 = Debug|Any CPU
		{D41CAED1-BB1F-49FF-AE38-92456D14F4C4}.Release|Any CPU.ActiveCfg = Release|Any CPU
		{D41CAED1-BB1F-49FF-AE38-92456D14F4C4}.Release|Any CPU.Build.0 = Release|Any CPU
		{3E9FB459-3C40-425F-A1D1-25B07A37DBEE}.Debug|Any CPU.ActiveCfg = Debug|Any CPU
		{3E9FB459-3C40-425F-A1D1-25B07A37DBEE}.Debug|Any CPU.Build.0 = Debug|Any CPU
		{3E9FB459-3C40-425F-A1D1-25B07A37DBEE}.Release|Any CPU.ActiveCfg = Release|Any CPU
		{3E9FB459-3C40-425F-A1D1-25B07A37DBEE}.Release|Any CPU.Build.0 = Release|Any CPU
		{D1D123D7-DC18-4070-949F-B021DB2062B1}.Debug|Any CPU.ActiveCfg = Debug|Any CPU
		{D1D123D7-DC18-4070-949F-B021DB2062B1}.Debug|Any CPU.Build.0 = Debug|Any CPU
		{D1D123D7-DC18-4070-949F-B021DB2062B1}.Release|Any CPU.ActiveCfg = Release|Any CPU
		{D1D123D7-DC18-4070-949F-B021DB2062B1}.Release|Any CPU.Build.0 = Release|Any CPU
	EndGlobalSection
	GlobalSection(SolutionProperties) = preSolution
		HideSolutionNode = FALSE
	EndGlobalSection
	GlobalSection(NestedProjects) = preSolution
		{2169F49E-0398-4810-8A79-BCBC9833086B} = {6B0EC47B-8EE1-45B0-965D-E741A7F0A6FF}
		{1CCE5B0C-1564-4A0E-AEC0-38E6E29F8575} = {6E64A6F3-BB8A-4BA6-A6D6-379CC335ACD1}
		{D41CAED1-BB1F-49FF-AE38-92456D14F4C4} = {E63AC01C-880B-49D1-9603-B0668D1BF89B}
		{3E9FB459-3C40-425F-A1D1-25B07A37DBEE} = {E63AC01C-880B-49D1-9603-B0668D1BF89B}
		{D1D123D7-DC18-4070-949F-B021DB2062B1} = {A03E4CF5-CC87-4D24-A72F-28781282E955}
	EndGlobalSection
	GlobalSection(ExtensibilityGlobals) = postSolution
		SolutionGuid = {AD57DA6F-199A-41BB-BD54-F18B66CED265}
	EndGlobalSection
EndGlobal
